
Microsoft Visual Studio Solution File, Format Version 11.00
# Visual Studio 2010
Project("{FAE04EC0-301F-11D3-BF4B-00C04F79EFBC}") = "braino", "Assembly-CSharp-firstpass.csproj", "{EA66372D-998A-2706-0673-A994CC168794}"
EndProject
Project("{FAE04EC0-301F-11D3-BF4B-00C04F79EFBC}") = "braino", "Assembly-CSharp.csproj", "{413007CA-200E-34E9-3B72-2362038435DD}"
EndProject
Project("{FAE04EC0-301F-11D3-BF4B-00C04F79EFBC}") = "braino", "Assembly-CSharp-Editor-firstpass.csproj", "{3BBC5C8F-1DFC-6066-96C2-1F95AA77F38D}"
EndProject
Global
	GlobalSection(SolutionConfigurationPlatforms) = preSolution
		Debug|Any CPU = Debug|Any CPU
		Release|Any CPU = Release|Any CPU
	EndGlobalSection
	GlobalSection(ProjectConfigurationPlatforms) = postSolution
		{EA66372D-998A-2706-0673-A994CC168794}.Debug|Any CPU.ActiveCfg = Debug|Any CPU
		{EA66372D-998A-2706-0673-A994CC168794}.Debug|Any CPU.Build.0 = Debug|Any CPU
		{EA66372D-998A-2706-0673-A994CC168794}.Release|Any CPU.ActiveCfg = Release|Any CPU
		{EA66372D-998A-2706-0673-A994CC168794}.Release|Any CPU.Build.0 = Release|Any CPU
		{413007CA-200E-34E9-3B72-2362038435DD}.Debug|Any CPU.ActiveCfg = Debug|Any CPU
		{413007CA-200E-34E9-3B72-2362038435DD}.Debug|Any CPU.Build.0 = Debug|Any CPU
		{413007CA-200E-34E9-3B72-2362038435DD}.Release|Any CPU.ActiveCfg = Release|Any CPU
		{413007CA-200E-34E9-3B72-2362038435DD}.Release|Any CPU.Build.0 = Release|Any CPU
		{3BBC5C8F-1DFC-6066-96C2-1F95AA77F38D}.Debug|Any CPU.ActiveCfg = Debug|Any CPU
		{3BBC5C8F-1DFC-6066-96C2-1F95AA77F38D}.Debug|Any CPU.Build.0 = Debug|Any CPU
		{3BBC5C8F-1DFC-6066-96C2-1F95AA77F38D}.Release|Any CPU.ActiveCfg = Release|Any CPU
		{3BBC5C8F-1DFC-6066-96C2-1F95AA77F38D}.Release|Any CPU.Build.0 = Release|Any CPU
	EndGlobalSection
	GlobalSection(SolutionProperties) = preSolution
		HideSolutionNode = FALSE
	EndGlobalSection
	GlobalSection(MonoDevelopProperties) = preSolution
		StartupItem = Assembly-CSharp.csproj
	EndGlobalSection
EndGlobal
